
Microsoft Visual Studio Solution File, Format Version 12.00
# Visual Studio Version 17
VisualStudioVersion = 17.2.32616.157
MinimumVisualStudioVersion = 10.0.40219.1
Project("{FAE04EC0-301F-11D3-BF4B-00C04F79EFBC}") = "ExercicioListas2", "ExercicioListas2\ExercicioListas2.csproj", "{4711C20C-1E9B-4716-A1DC-37F731FB74CE}"
EndProject
Global
	GlobalSection(SolutionConfigurationPlatforms) = preSolution
		Debug|Any CPU = Debug|Any CPU
		Release|Any CPU = Release|Any CPU
	EndGlobalSection
	GlobalSection(ProjectConfigurationPlatforms) = postSolution
		{4711C20C-1E9B-4716-A1DC-37F731FB74CE}.Debug|Any CPU.ActiveCfg = Debug|Any CPU
		{4711C20C-1E9B-4716-A1DC-37F731FB74CE}.Debug|Any CPU.Build.0 = Debug|Any CPU
		{4711C20C-1E9B-4716-A1DC-37F731FB74CE}.Release|Any CPU.ActiveCfg = Release|Any CPU
		{4711C20C-1E9B-4716-A1DC-37F731FB74CE}.Release|Any CPU.Build.0 = Release|Any CPU
	EndGlobalSection
	GlobalSection(SolutionProperties) = preSolution
		HideSolutionNode = FALSE
	EndGlobalSection
	GlobalSection(ExtensibilityGlobals) = postSolution
		SolutionGuid = {DCFE3E96-76A1-4DCE-AC51-62443A845B6A}
	EndGlobalSection
EndGlobal
